version = 1
revision = 3
requires-python = ">=3.14"

[[package]]
name = "polars"
version = "1.44.1"
source = { registry = "https://pypi.org/simple" }
dependencies = [
    { name = "polars-runtime-32" },
]
sdist = { url = "https://files.pythonhosted.org/packages/26/73/258a1fe17bb2744a507199566ed712663144fdd0811b615b59a47dfa38d2/polars-1.44.1.tar.gz", hash = "sha256:ef3c89e9ebbbe8eb343c06873f1945683f8b6f97a1bdf001c60551c6c5e3cda1", size = 765660, upload-time = "2026-08-26T07:09:12.704Z" }
wheels = [
    { url = "https://files.pythonhosted.org/packages/3a/f1/59154659081930fbde291ea6225607956b500a71b0ce45d88217b7d32da2/polars-1.44.1-py3-none-any.whl", hash = "sha256:1fa62fc1c88fba77a68b28291b5aabdd69e5f38b34e59721a064ae3169b59bb5", size = 865208, upload-time = "2026-08-26T07:07:44.646Z" },
]

[[package]]
name = "polars-runtime-32"
version = "1.44.1"
source = { registry = "https://pypi.org/simple" }
sdist = { url = "https://files.pythonhosted.org/packages/fd/b2/2a76415d047a45df05489f2334c91ff120a274cf655d4ca030c7f54a8743/polars_runtime_32-1.44.1.tar.gz", hash = "sha256:abd10a54ed1caff42228610fcba0f93251f9870bd7cffb0c78bc26f5e0718ce4", size = 3171156, upload-time = "2026-08-26T07:09:14.243Z" }
wheels = [
    { url = "https://files.pythonhosted.org/packages/f1/93/ef9344dcec16757cf21027dc907ef989197e50742cfe4407f2e87edb0a7f/polars_runtime_32-1.44.1-cp310-abi3-macosx_10_12_x86_64.whl", hash = "sha256:1dfccb2b52aa50468a7d28e3e61c8338a13fb5bffc8646e388a649f5bdc6b463", size = 53962370, upload-time = "2026-08-26T07:07:47.21Z" },
    { url = "https://files.pythonhosted.org/packages/10/da/38b32b7901af33f1fee2172ceaa39e9159825657920064298917392d78fa/polars_runtime_32-1.44.1-cp310-abi3-macosx_11_0_arm64.whl", hash = "sha256:0580807dc3eed258f0db70bb65d905dd43f0135392119ec25308033ae24258fb", size = 48620468, upload-time = "2026-08-26T07:07:50.436Z" },
    { url = "https://files.pythonhosted.org/packages/49/51/185af877d1d2236671493cf72bd3327a6046240eeea69c0696d1af2a5acb/polars_runtime_32-1.44.1-cp310-abi3-manylinux_2_17_aarch64.manylinux2014_aarch64.whl", hash = "sha256:0627f9aa82cb869725235e5188f698862fd9ada0c8c1cf65c3dc5a49a4a0ec26", size = 52455947, upload-time = "2026-08-26T07:07:53.776Z" },
    { url = "https://files.pythonhosted.org/packages/fc/0a/0858f60cb5a6f8f73ec4cdd73eccd9f748d66bfc23304c5c23fa3468094a/polars_runtime_32-1.44.1-cp310-abi3-manylinux_2_17_x86_64.manylinux2014_x86_64.whl", hash = "sha256:eea4283be8e60822d890dbda20588fe59b4172b508bd5ebf3471e531ca9f50d7", size = 58561262, upload-time = "2026-08-26T07:07:57.508Z" },
    { url = "https://files.pythonhosted.org/packages/73/08/de4774b5612d7c8739f89ac01b601486b4f057b1da35a5b876bf9276fd95/polars_runtime_32-1.44.1-cp310-abi3-musllinux_1_2_aarch64.whl", hash = "sha256:04e2c0f46e7a9906fffb1897f18f23b079b74f83c56b50060bace9e7b9b49b1a", size = 52636064, upload-time = "2026-08-26T07:08:06.337Z" },
    { url = "https://files.pythonhosted.org/packages/98/ac/769c598dd106e2a6647798da3ed25ddeee67f2d12c04f5da316cb3da6360/polars_runtime_32-1.44.1-cp310-abi3-musllinux_1_2_x86_64.whl", hash = "sha256:0956f0cae632d8fad3a04b4315bf2bb69b56d10c83c79a75c2c4c5a13b9ce5cc", size = 56447612, upload-time = "2026-08-26T07:08:12.36Z" },
    { url = "https://files.pythonhosted.org/packages/b2/ee/98408296e15388020b6183323fdbe78ccab4f72c20d8e0d7092c062d3ad2/polars_runtime_32-1.44.1-cp310-abi3-win_amd64.whl", hash = "sha256:159334184e6fbb074c9f4692221ea19970a5e2bed2a479f9d7bdb00b7f3eedb9", size = 53702970, upload-time = "2026-08-26T07:08:15.398Z" },
    { url = "https://files.pythonhosted.org/packages/e9/9d/8b17e075aac73c881a50b6c1f690d20df46db2f3bcabc99f600ecdee1290/polars_runtime_32-1.44.1-cp310-abi3-win_arm64.whl", hash = "sha256:3ba28d638d0513e0b4afbcdab5c0059a85021e5f81d62b5f793e7e23badb2cf7", size = 47281050, upload-time = "2026-08-26T07:08:18.43Z" },
]

[[package]]
name = "sensing-abstraction"
version = "0.1.0"
source = { virtual = "." }
dependencies = [
    { name = "polars" },
]

[package.metadata]
requires-dist = [{ name = "polars" }]
